{
  "version": "5",
  "remote": {
    "https://edge.netlify.com/": "fd941d61d88673d5f28aab283fb86fcc50f08a3bc80ee5470498fcfa88c65cfb",
    "https://edge.netlify.com/bootstrap/config.ts": "6a2ce0e544e15e8f8883a5c18da5948e37fd0f2619f68cb31f3af53c51817025",
    "https://edge.netlify.com/bootstrap/context.ts": "e97240232121e2f369f6546ce961490f34d961ea1ea54be3ff09633e3f08373f",
    "https://edge.netlify.com/bootstrap/cookie.ts": "8b0baae708989ca183c6f3b4ab3d029e6abcbc2e43f93edeb0ff447b3bbc3a05",
    "https://edge.netlify.com/bootstrap/edge_function.ts": "b8253e86aa83c67341f5cfedeba5049d77fbf84dcab7eceff7566b7728ae9b39",
    "https://edge.netlify.com/bootstrap/globals/types.ts": "eaa6148ded3121d8dee62dd91c86e7fe76601df0f3ca8d7962243a30f4c8935f"
  },
  "workspace": {
    "packageJson": {
      "dependencies": [
        "npm:@hcaptcha/vue3-hcaptcha@1",
        "npm:@netlify/functions@^2.8.2",
        "npm:@tailwindcss/line-clamp@~0.4.4",
        "npm:@types/node@^20.11.0",
        "npm:@typescript-eslint/eslint-plugin@^6.13.2",
        "npm:@typescript-eslint/parser@^6.13.2",
        "npm:@vitejs/plugin-vue@^5.0.3",
        "npm:@vueuse/core@^10.7.2",
        "npm:autoprefixer@^10.4.16",
        "npm:eslint-plugin-prettier@^5.0.1",
        "npm:eslint@^8.55.0",
        "npm:googleapis@^140.0.1",
        "npm:gsap@^3.12.5",
        "npm:pinia@^2.1.7",
        "npm:postcss@^8.4.32",
        "npm:prettier@^3.1.0",
        "npm:tailwindcss@^3.4.1",
        "npm:typescript@^5.2.2",
        "npm:unplugin-vue-markdown@~0.26.2",
        "npm:vite-plugin-mkcert@^1.17.8",
        "npm:vite@^5.1.0",
        "npm:vue-recaptcha@2.0.3",
        "npm:vue-tsc@^1.8.27",
        "npm:vue3-lottie@^3.2.0",
        "npm:vue@^3.4.15"
      ]
    }
  }
}
